
Microsoft Visual Studio Solution File, Format Version 12.00
# Visual Studio Version 17
VisualStudioVersion = 17.0.32014.148
MinimumVisualStudioVersion = 10.0.40219.1
Project("{9A19103F-16F7-4668-BE54-9A1E7A4F7556}") = "Strategy", "Strategy\Strategy.csproj", "{EF65D573-E058-4D8D-832C-9FB9EDF51C75}"
EndProject
Project("{9A19103F-16F7-4668-BE54-9A1E7A4F7556}") = "ChainOfResponsibility", "ChainOfResponsibility\ChainOfResponsibility.csproj", "{A3C1EEA6-A18F-4EA5-BE62-FEE79CE6B933}"
EndProject
Project("{9A19103F-16F7-4668-BE54-9A1E7A4F7556}") = "Decorator", "Decorator\Decorator.csproj", "{8E87D172-CB9B-429A-8B2A-4F3529492223}"
EndProject
Project("{9A19103F-16F7-4668-BE54-9A1E7A4F7556}") = "Factory", "Factory\Factory.csproj", "{F78FAF25-841C-4BAA-8563-8AF4A4A96821}"
EndProject
Project("{9A19103F-16F7-4668-BE54-9A1E7A4F7556}") = "RulesEngine", "RulesEngine\RulesEngine.csproj", "{3D5CC501-07C4-43ED-8314-5F16AE4BCA79}"
EndProject
Project("{9A19103F-16F7-4668-BE54-9A1E7A4F7556}") = "SharedKernel", "SharedKernel\SharedKernel.csproj", "{FBB4195D-0FEC-4B07-99A5-063EDEE3F4A4}"
EndProject
Project("{2150E333-8FDC-42A3-9474-1A3956D46DE8}") = "Common", "Common", "{6BB9BBF4-E436-4C11-9FC7-4E2AF4FD856B}"
EndProject
Project("{2150E333-8FDC-42A3-9474-1A3956D46DE8}") = "DesignPatterns", "DesignPatterns", "{6E5C32B0-A8A4-455B-A1C2-39186321FC1E}"
EndProject
Project("{2150E333-8FDC-42A3-9474-1A3956D46DE8}") = "Test", "Test", "{D24BD596-B34A-4D07-90E7-4C0F73069BCE}"
EndProject
Project("{9A19103F-16F7-4668-BE54-9A1E7A4F7556}") = "CSharpPatterns.Tests", "CSharpPatterns.Tests\CSharpPatterns.Tests.csproj", "{41F7EF53-E809-424D-BF2F-228AEEA8482A}"
EndProject
Project("{9A19103F-16F7-4668-BE54-9A1E7A4F7556}") = "NullableReferences", "NullableReferences\NullableReferences.csproj", "{3C157E23-6100-4DB7-915B-BA1D239B1540}"
EndProject
Project("{FAE04EC0-301F-11D3-BF4B-00C04F79EFBC}") = "TemplateMethod", "TemplateMethod\TemplateMethod.csproj", "{5E949A2A-0238-40CA-A264-CA653F0E902C}"
EndProject
Global
	GlobalSection(SolutionConfigurationPlatforms) = preSolution
		Debug|Any CPU = Debug|Any CPU
		Release|Any CPU = Release|Any CPU
	EndGlobalSection
	GlobalSection(ProjectConfigurationPlatforms) = postSolution
		{EF65D573-E058-4D8D-832C-9FB9EDF51C75}.Debug|Any CPU.ActiveCfg = Debug|Any CPU
		{EF65D573-E058-4D8D-832C-9FB9EDF51C75}.Debug|Any CPU.Build.0 = Debug|Any CPU
		{EF65D573-E058-4D8D-832C-9FB9EDF51C75}.Release|Any CPU.ActiveCfg = Release|Any CPU
		{EF65D573-E058-4D8D-832C-9FB9EDF51C75}.Release|Any CPU.Build.0 = Release|Any CPU
		{A3C1EEA6-A18F-4EA5-BE62-FEE79CE6B933}.Debug|Any CPU.ActiveCfg = Debug|Any CPU
		{A3C1EEA6-A18F-4EA5-BE62-FEE79CE6B933}.Debug|Any CPU.Build.0 = Debug|Any CPU
		{A3C1EEA6-A18F-4EA5-BE62-FEE79CE6B933}.Release|Any CPU.ActiveCfg = Release|Any CPU
		{A3C1EEA6-A18F-4EA5-BE62-FEE79CE6B933}.Release|Any CPU.Build.0 = Release|Any CPU
		{8E87D172-CB9B-429A-8B2A-4F3529492223}.Debug|Any CPU.ActiveCfg = Debug|Any CPU
		{8E87D172-CB9B-429A-8B2A-4F3529492223}.Debug|Any CPU.Build.0 = Debug|Any CPU
		{8E87D172-CB9B-429A-8B2A-4F3529492223}.Release|Any CPU.ActiveCfg = Release|Any CPU
		{8E87D172-CB9B-429A-8B2A-4F3529492223}.Release|Any CPU.Build.0 = Release|Any CPU
		{F78FAF25-841C-4BAA-8563-8AF4A4A96821}.Debug|Any CPU.ActiveCfg = Debug|Any CPU
		{F78FAF25-841C-4BAA-8563-8AF4A4A96821}.Debug|Any CPU.Build.0 = Debug|Any CPU
		{F78FAF25-841C-4BAA-8563-8AF4A4A96821}.Release|Any CPU.ActiveCfg = Release|Any CPU
		{F78FAF25-841C-4BAA-8563-8AF4A4A96821}.Release|Any CPU.Build.0 = Release|Any CPU
		{3D5CC501-07C4-43ED-8314-5F16AE4BCA79}.Debug|Any CPU.ActiveCfg = Debug|Any CPU
		{3D5CC501-07C4-43ED-8314-5F16AE4BCA79}.Debug|Any CPU.Build.0 = Debug|Any CPU
		{3D5CC501-07C4-43ED-8314-5F16AE4BCA79}.Release|Any CPU.ActiveCfg = Release|Any CPU
		{3D5CC501-07C4-43ED-8314-5F16AE4BCA79}.Release|Any CPU.Build.0 = Release|Any CPU
		{FBB4195D-0FEC-4B07-99A5-063EDEE3F4A4}.Debug|Any CPU.ActiveCfg = Debug|Any CPU
		{FBB4195D-0FEC-4B07-99A5-063EDEE3F4A4}.Debug|Any CPU.Build.0 = Debug|Any CPU
		{FBB4195D-0FEC-4B07-99A5-063EDEE3F4A4}.Release|Any CPU.ActiveCfg = Release|Any CPU
		{FBB4195D-0FEC-4B07-99A5-063EDEE3F4A4}.Release|Any CPU.Build.0 = Release|Any CPU
		{41F7EF53-E809-424D-BF2F-228AEEA8482A}.Debug|Any CPU.ActiveCfg = Debug|Any CPU
		{41F7EF53-E809-424D-BF2F-228AEEA8482A}.Debug|Any CPU.Build.0 = Debug|Any CPU
		{41F7EF53-E809-424D-BF2F-228AEEA8482A}.Release|Any CPU.ActiveCfg = Release|Any CPU
		{41F7EF53-E809-424D-BF2F-228AEEA8482A}.Release|Any CPU.Build.0 = Release|Any CPU
		{3C157E23-6100-4DB7-915B-BA1D239B1540}.Debug|Any CPU.ActiveCfg = Debug|Any CPU
		{3C157E23-6100-4DB7-915B-BA1D239B1540}.Debug|Any CPU.Build.0 = Debug|Any CPU
		{3C157E23-6100-4DB7-915B-BA1D239B1540}.Release|Any CPU.ActiveCfg = Release|Any CPU
		{3C157E23-6100-4DB7-915B-BA1D239B1540}.Release|Any CPU.Build.0 = Release|Any CPU
		{5E949A2A-0238-40CA-A264-CA653F0E902C}.Debug|Any CPU.ActiveCfg = Debug|Any CPU
		{5E949A2A-0238-40CA-A264-CA653F0E902C}.Debug|Any CPU.Build.0 = Debug|Any CPU
		{5E949A2A-0238-40CA-A264-CA653F0E902C}.Release|Any CPU.ActiveCfg = Release|Any CPU
		{5E949A2A-0238-40CA-A264-CA653F0E902C}.Release|Any CPU.Build.0 = Release|Any CPU
	EndGlobalSection
	GlobalSection(SolutionProperties) = preSolution
		HideSolutionNode = FALSE
	EndGlobalSection
	GlobalSection(NestedProjects) = preSolution
		{EF65D573-E058-4D8D-832C-9FB9EDF51C75} = {6E5C32B0-A8A4-455B-A1C2-39186321FC1E}
		{A3C1EEA6-A18F-4EA5-BE62-FEE79CE6B933} = {6E5C32B0-A8A4-455B-A1C2-39186321FC1E}
		{8E87D172-CB9B-429A-8B2A-4F3529492223} = {6E5C32B0-A8A4-455B-A1C2-39186321FC1E}
		{F78FAF25-841C-4BAA-8563-8AF4A4A96821} = {6E5C32B0-A8A4-455B-A1C2-39186321FC1E}
		{3D5CC501-07C4-43ED-8314-5F16AE4BCA79} = {6E5C32B0-A8A4-455B-A1C2-39186321FC1E}
		{FBB4195D-0FEC-4B07-99A5-063EDEE3F4A4} = {6BB9BBF4-E436-4C11-9FC7-4E2AF4FD856B}
		{41F7EF53-E809-424D-BF2F-228AEEA8482A} = {D24BD596-B34A-4D07-90E7-4C0F73069BCE}
		{3C157E23-6100-4DB7-915B-BA1D239B1540} = {6BB9BBF4-E436-4C11-9FC7-4E2AF4FD856B}
		{5E949A2A-0238-40CA-A264-CA653F0E902C} = {6E5C32B0-A8A4-455B-A1C2-39186321FC1E}
	EndGlobalSection
	GlobalSection(ExtensibilityGlobals) = postSolution
		SolutionGuid = {5A5D1502-888D-4928-9977-43AF0BBD18BB}
	EndGlobalSection
EndGlobal
