
Microsoft Visual Studio Solution File, Format Version 12.00
# Visual Studio Version 16
VisualStudioVersion = 16.0.31229.75
MinimumVisualStudioVersion = 10.0.40219.1
Project("{9A19103F-16F7-4668-BE54-9A1E7A4F7556}") = "Strategy", "Strategy\Strategy.csproj", "{EF65D573-E058-4D8D-832C-9FB9EDF51C75}"
EndProject
Project("{9A19103F-16F7-4668-BE54-9A1E7A4F7556}") = "ChainOfResponsibility", "ChainOfResponsibility\ChainOfResponsibility.csproj", "{A3C1EEA6-A18F-4EA5-BE62-FEE79CE6B933}"
EndProject
Project("{9A19103F-16F7-4668-BE54-9A1E7A4F7556}") = "Decorator", "Decorator\Decorator.csproj", "{8E87D172-CB9B-429A-8B2A-4F3529492223}"
EndProject
Project("{9A19103F-16F7-4668-BE54-9A1E7A4F7556}") = "Proxy", "Proxy\Proxy.csproj", "{733C5E56-7859-43F0-B60D-A6C1E34C2F76}"
EndProject
Project("{9A19103F-16F7-4668-BE54-9A1E7A4F7556}") = "Factory", "Factory\Factory.csproj", "{F78FAF25-841C-4BAA-8563-8AF4A4A96821}"
EndProject
Project("{FAE04EC0-301F-11D3-BF4B-00C04F79EFBC}") = "ChainOfResponsibilityAlternative", "ChainOfResponsibilityAlternative\ChainOfResponsibilityAlternative.csproj", "{3D5CC501-07C4-43ED-8314-5F16AE4BCA79}"
EndProject
Global
	GlobalSection(SolutionConfigurationPlatforms) = preSolution
		Debug|Any CPU = Debug|Any CPU
		Release|Any CPU = Release|Any CPU
	EndGlobalSection
	GlobalSection(ProjectConfigurationPlatforms) = postSolution
		{EF65D573-E058-4D8D-832C-9FB9EDF51C75}.Debug|Any CPU.ActiveCfg = Debug|Any CPU
		{EF65D573-E058-4D8D-832C-9FB9EDF51C75}.Debug|Any CPU.Build.0 = Debug|Any CPU
		{EF65D573-E058-4D8D-832C-9FB9EDF51C75}.Release|Any CPU.ActiveCfg = Release|Any CPU
		{EF65D573-E058-4D8D-832C-9FB9EDF51C75}.Release|Any CPU.Build.0 = Release|Any CPU
		{A3C1EEA6-A18F-4EA5-BE62-FEE79CE6B933}.Debug|Any CPU.ActiveCfg = Debug|Any CPU
		{A3C1EEA6-A18F-4EA5-BE62-FEE79CE6B933}.Debug|Any CPU.Build.0 = Debug|Any CPU
		{A3C1EEA6-A18F-4EA5-BE62-FEE79CE6B933}.Release|Any CPU.ActiveCfg = Release|Any CPU
		{A3C1EEA6-A18F-4EA5-BE62-FEE79CE6B933}.Release|Any CPU.Build.0 = Release|Any CPU
		{8E87D172-CB9B-429A-8B2A-4F3529492223}.Debug|Any CPU.ActiveCfg = Debug|Any CPU
		{8E87D172-CB9B-429A-8B2A-4F3529492223}.Debug|Any CPU.Build.0 = Debug|Any CPU
		{8E87D172-CB9B-429A-8B2A-4F3529492223}.Release|Any CPU.ActiveCfg = Release|Any CPU
		{8E87D172-CB9B-429A-8B2A-4F3529492223}.Release|Any CPU.Build.0 = Release|Any CPU
		{733C5E56-7859-43F0-B60D-A6C1E34C2F76}.Debug|Any CPU.ActiveCfg = Debug|Any CPU
		{733C5E56-7859-43F0-B60D-A6C1E34C2F76}.Debug|Any CPU.Build.0 = Debug|Any CPU
		{733C5E56-7859-43F0-B60D-A6C1E34C2F76}.Release|Any CPU.ActiveCfg = Release|Any CPU
		{733C5E56-7859-43F0-B60D-A6C1E34C2F76}.Release|Any CPU.Build.0 = Release|Any CPU
		{F78FAF25-841C-4BAA-8563-8AF4A4A96821}.Debug|Any CPU.ActiveCfg = Debug|Any CPU
		{F78FAF25-841C-4BAA-8563-8AF4A4A96821}.Debug|Any CPU.Build.0 = Debug|Any CPU
		{F78FAF25-841C-4BAA-8563-8AF4A4A96821}.Release|Any CPU.ActiveCfg = Release|Any CPU
		{F78FAF25-841C-4BAA-8563-8AF4A4A96821}.Release|Any CPU.Build.0 = Release|Any CPU
		{3D5CC501-07C4-43ED-8314-5F16AE4BCA79}.Debug|Any CPU.ActiveCfg = Debug|Any CPU
		{3D5CC501-07C4-43ED-8314-5F16AE4BCA79}.Debug|Any CPU.Build.0 = Debug|Any CPU
		{3D5CC501-07C4-43ED-8314-5F16AE4BCA79}.Release|Any CPU.ActiveCfg = Release|Any CPU
		{3D5CC501-07C4-43ED-8314-5F16AE4BCA79}.Release|Any CPU.Build.0 = Release|Any CPU
	EndGlobalSection
	GlobalSection(SolutionProperties) = preSolution
		HideSolutionNode = FALSE
	EndGlobalSection
	GlobalSection(ExtensibilityGlobals) = postSolution
		SolutionGuid = {5A5D1502-888D-4928-9977-43AF0BBD18BB}
	EndGlobalSection
EndGlobal
