
Microsoft Visual Studio Solution File, Format Version 12.00
# Visual Studio Version 17
VisualStudioVersion = 17.0.32014.148
MinimumVisualStudioVersion = 10.0.40219.1
Project("{9A19103F-16F7-4668-BE54-9A1E7A4F7556}") = "Factory", "Factory\Factory.csproj", "{F78FAF25-841C-4BAA-8563-8AF4A4A96821}"
EndProject
Project("{9A19103F-16F7-4668-BE54-9A1E7A4F7556}") = "SharedKernel", "SharedKernel\SharedKernel.csproj", "{FBB4195D-0FEC-4B07-99A5-063EDEE3F4A4}"
EndProject
Project("{2150E333-8FDC-42A3-9474-1A3956D46DE8}") = "Common", "Common", "{6BB9BBF4-E436-4C11-9FC7-4E2AF4FD856B}"
EndProject
Project("{2150E333-8FDC-42A3-9474-1A3956D46DE8}") = "DesignPatterns", "DesignPatterns", "{6E5C32B0-A8A4-455B-A1C2-39186321FC1E}"
EndProject
Project("{2150E333-8FDC-42A3-9474-1A3956D46DE8}") = "Tests", "Tests", "{D24BD596-B34A-4D07-90E7-4C0F73069BCE}"
EndProject
Project("{9A19103F-16F7-4668-BE54-9A1E7A4F7556}") = "CSharpPatterns.Tests", "CSharpPatterns.Tests\CSharpPatterns.Tests.csproj", "{41F7EF53-E809-424D-BF2F-228AEEA8482A}"
EndProject
Project("{9A19103F-16F7-4668-BE54-9A1E7A4F7556}") = "NullableReferences", "NullableReferences\NullableReferences.csproj", "{3C157E23-6100-4DB7-915B-BA1D239B1540}"
EndProject
Project("{9A19103F-16F7-4668-BE54-9A1E7A4F7556}") = "DesignPatterns", "DesignPatterns\DesignPatterns.csproj", "{975CA9CD-1326-445B-A7F2-A6E1F8802B1F}"
EndProject
Project("{9A19103F-16F7-4668-BE54-9A1E7A4F7556}") = "LoggingDemo", "LoggingDemo\LoggingDemo.csproj", "{F0B1A1DE-7C6A-4B94-AE89-E6CA6F3CA43C}"
EndProject
Project("{9A19103F-16F7-4668-BE54-9A1E7A4F7556}") = "Performance", "Performance\Performance.csproj", "{4756ED2A-2959-41F8-929E-70066948983A}"
EndProject
Project("{9A19103F-16F7-4668-BE54-9A1E7A4F7556}") = "SourceGenerators", "SourceGenerators\SourceGenerators.csproj", "{F69D6EEA-8688-4572-A4BD-57D52CAC4A75}"
EndProject
Project("{9A19103F-16F7-4668-BE54-9A1E7A4F7556}") = "Comparisons", "Comparisons\Comparisons.csproj", "{2300ABA3-A88C-4AE0-BFF1-CC61D1469738}"
EndProject
Project("{9A19103F-16F7-4668-BE54-9A1E7A4F7556}") = "TimersInDotNet", "TimersInDotNet\TimersInDotNet.csproj", "{2143CE08-D74F-4876-B382-40F001DD3A6B}"
EndProject
Project("{9A19103F-16F7-4668-BE54-9A1E7A4F7556}") = "JsonTests", "JsonTests\JsonTests.csproj", "{1D08C8A0-F303-4757-8744-4765DD863A5B}"
EndProject
Project("{9A19103F-16F7-4668-BE54-9A1E7A4F7556}") = "Playground", "Playground\Playground.csproj", "{97E2434D-573A-4141-B08F-F816D1F1AF12}"
EndProject
Project("{9A19103F-16F7-4668-BE54-9A1E7A4F7556}") = "Playground.Minimal.API", "Playground.Minimal.API\Playground.Minimal.API.csproj", "{3B033A20-5E57-4F0B-835A-9C77F814896B}"
EndProject
Project("{2150E333-8FDC-42A3-9474-1A3956D46DE8}") = "API", "API", "{93984DCB-F4BD-4ABC-B323-E3436AAFB8FD}"
EndProject
Project("{9A19103F-16F7-4668-BE54-9A1E7A4F7556}") = "Playground.Endpoints.API", "Playground.Endpoints.API\Playground.Endpoints.API.csproj", "{A2CA9710-3EF3-4A6C-B300-9A5574873D9C}"
EndProject
Project("{9A19103F-16F7-4668-BE54-9A1E7A4F7556}") = "TPL.Studio", "TPL.Studio\TPL.Studio.csproj", "{078356C0-B83F-4087-9A9C-184DF40078D0}"
EndProject
Project("{9A19103F-16F7-4668-BE54-9A1E7A4F7556}") = "Playground.Certificates.API", "Playground.Certificates.API\Playground.Certificates.API.csproj", "{6D724C95-B075-40B3-A62D-00E902C10372}"
EndProject
Project("{2150E333-8FDC-42A3-9474-1A3956D46DE8}") = "Certificates", "Certificates", "{03A70CFE-6FBC-43EF-A18E-AF3F04416829}"
EndProject
Project("{9A19103F-16F7-4668-BE54-9A1E7A4F7556}") = "Playground.Certificates.Client", "Playground.Certificates.Client\Playground.Certificates.Client.csproj", "{480E044A-B26C-480E-ACF2-326F33F08DE8}"
EndProject
Project("{2150E333-8FDC-42A3-9474-1A3956D46DE8}") = "PoC", "PoC", "{8412877F-AD2A-4010-A6C2-72AAB3CBE190}"
EndProject
Project("{9A19103F-16F7-4668-BE54-9A1E7A4F7556}") = "DataRetrieval.API", "DataRetrieval.API\DataRetrieval.API.csproj", "{1A4C3DB0-5206-4935-AD7B-A734B0BFE876}"
EndProject
Project("{9A19103F-16F7-4668-BE54-9A1E7A4F7556}") = "DataRetrieval.Client", "DataRetrieval.Client\DataRetrieval.Client.csproj", "{77852408-4698-4E77-8F0D-CF24C950FD99}"
EndProject
Project("{9A19103F-16F7-4668-BE54-9A1E7A4F7556}") = "AsyncPatterns", "AsyncPatterns\AsyncPatterns.csproj", "{8A206E48-0BC3-4A1E-B8D9-7655469A6F5D}"
EndProject
Project("{9A19103F-16F7-4668-BE54-9A1E7A4F7556}") = "FunctionalProgramming", "FunctionalProgramming\FunctionalProgramming.csproj", "{A50009F3-C11E-4029-BE93-DF4AC6F4B452}"
EndProject
Project("{2150E333-8FDC-42A3-9474-1A3956D46DE8}") = "Solution Items", "Solution Items", "{90169C8D-2850-499A-9C42-E64E384AF81C}"
	ProjectSection(SolutionItems) = preProject
		.editorconfig = .editorconfig
	EndProjectSection
EndProject
Project("{2150E333-8FDC-42A3-9474-1A3956D46DE8}") = "Source", "Source", "{ABB1BC2F-C211-4C6B-9E44-65782B4370B4}"
EndProject
Project("{9A19103F-16F7-4668-BE54-9A1E7A4F7556}") = "OptionsSetup.API", "OptionsSetup.API\OptionsSetup.API.csproj", "{6644B371-99B9-4569-95FC-3D0CBC23AB7B}"
EndProject
Project("{FAE04EC0-301F-11D3-BF4B-00C04F79EFBC}") = "DiagnosticsApp", "DiagnosticsApp\DiagnosticsApp.csproj", "{AF61C2E8-5C4E-4371-8D1A-73DF1FE1CA27}"
EndProject
Project("{FAE04EC0-301F-11D3-BF4B-00C04F79EFBC}") = "DiagnosticsExamples.Lib", "DiagnosticsExamples.Lib\DiagnosticsExamples.Lib.csproj", "{F1456FE5-658D-4860-BB5C-666513300D82}"
EndProject
Global
	GlobalSection(SolutionConfigurationPlatforms) = preSolution
		Debug|Any CPU = Debug|Any CPU
		Release|Any CPU = Release|Any CPU
	EndGlobalSection
	GlobalSection(ProjectConfigurationPlatforms) = postSolution
		{F78FAF25-841C-4BAA-8563-8AF4A4A96821}.Debug|Any CPU.ActiveCfg = Debug|Any CPU
		{F78FAF25-841C-4BAA-8563-8AF4A4A96821}.Debug|Any CPU.Build.0 = Debug|Any CPU
		{F78FAF25-841C-4BAA-8563-8AF4A4A96821}.Release|Any CPU.ActiveCfg = Release|Any CPU
		{F78FAF25-841C-4BAA-8563-8AF4A4A96821}.Release|Any CPU.Build.0 = Release|Any CPU
		{FBB4195D-0FEC-4B07-99A5-063EDEE3F4A4}.Debug|Any CPU.ActiveCfg = Debug|Any CPU
		{FBB4195D-0FEC-4B07-99A5-063EDEE3F4A4}.Debug|Any CPU.Build.0 = Debug|Any CPU
		{FBB4195D-0FEC-4B07-99A5-063EDEE3F4A4}.Release|Any CPU.ActiveCfg = Release|Any CPU
		{FBB4195D-0FEC-4B07-99A5-063EDEE3F4A4}.Release|Any CPU.Build.0 = Release|Any CPU
		{41F7EF53-E809-424D-BF2F-228AEEA8482A}.Debug|Any CPU.ActiveCfg = Debug|Any CPU
		{41F7EF53-E809-424D-BF2F-228AEEA8482A}.Debug|Any CPU.Build.0 = Debug|Any CPU
		{41F7EF53-E809-424D-BF2F-228AEEA8482A}.Release|Any CPU.ActiveCfg = Release|Any CPU
		{41F7EF53-E809-424D-BF2F-228AEEA8482A}.Release|Any CPU.Build.0 = Release|Any CPU
		{3C157E23-6100-4DB7-915B-BA1D239B1540}.Debug|Any CPU.ActiveCfg = Debug|Any CPU
		{3C157E23-6100-4DB7-915B-BA1D239B1540}.Debug|Any CPU.Build.0 = Debug|Any CPU
		{3C157E23-6100-4DB7-915B-BA1D239B1540}.Release|Any CPU.ActiveCfg = Release|Any CPU
		{3C157E23-6100-4DB7-915B-BA1D239B1540}.Release|Any CPU.Build.0 = Release|Any CPU
		{975CA9CD-1326-445B-A7F2-A6E1F8802B1F}.Debug|Any CPU.ActiveCfg = Debug|Any CPU
		{975CA9CD-1326-445B-A7F2-A6E1F8802B1F}.Debug|Any CPU.Build.0 = Debug|Any CPU
		{975CA9CD-1326-445B-A7F2-A6E1F8802B1F}.Release|Any CPU.ActiveCfg = Release|Any CPU
		{975CA9CD-1326-445B-A7F2-A6E1F8802B1F}.Release|Any CPU.Build.0 = Release|Any CPU
		{F0B1A1DE-7C6A-4B94-AE89-E6CA6F3CA43C}.Debug|Any CPU.ActiveCfg = Debug|Any CPU
		{F0B1A1DE-7C6A-4B94-AE89-E6CA6F3CA43C}.Debug|Any CPU.Build.0 = Debug|Any CPU
		{F0B1A1DE-7C6A-4B94-AE89-E6CA6F3CA43C}.Release|Any CPU.ActiveCfg = Release|Any CPU
		{F0B1A1DE-7C6A-4B94-AE89-E6CA6F3CA43C}.Release|Any CPU.Build.0 = Release|Any CPU
		{4756ED2A-2959-41F8-929E-70066948983A}.Debug|Any CPU.ActiveCfg = Debug|Any CPU
		{4756ED2A-2959-41F8-929E-70066948983A}.Debug|Any CPU.Build.0 = Debug|Any CPU
		{4756ED2A-2959-41F8-929E-70066948983A}.Release|Any CPU.ActiveCfg = Release|Any CPU
		{4756ED2A-2959-41F8-929E-70066948983A}.Release|Any CPU.Build.0 = Release|Any CPU
		{F69D6EEA-8688-4572-A4BD-57D52CAC4A75}.Debug|Any CPU.ActiveCfg = Debug|Any CPU
		{F69D6EEA-8688-4572-A4BD-57D52CAC4A75}.Debug|Any CPU.Build.0 = Debug|Any CPU
		{F69D6EEA-8688-4572-A4BD-57D52CAC4A75}.Release|Any CPU.ActiveCfg = Release|Any CPU
		{F69D6EEA-8688-4572-A4BD-57D52CAC4A75}.Release|Any CPU.Build.0 = Release|Any CPU
		{2300ABA3-A88C-4AE0-BFF1-CC61D1469738}.Debug|Any CPU.ActiveCfg = Debug|Any CPU
		{2300ABA3-A88C-4AE0-BFF1-CC61D1469738}.Debug|Any CPU.Build.0 = Debug|Any CPU
		{2300ABA3-A88C-4AE0-BFF1-CC61D1469738}.Release|Any CPU.ActiveCfg = Release|Any CPU
		{2300ABA3-A88C-4AE0-BFF1-CC61D1469738}.Release|Any CPU.Build.0 = Release|Any CPU
		{2143CE08-D74F-4876-B382-40F001DD3A6B}.Debug|Any CPU.ActiveCfg = Debug|Any CPU
		{2143CE08-D74F-4876-B382-40F001DD3A6B}.Debug|Any CPU.Build.0 = Debug|Any CPU
		{2143CE08-D74F-4876-B382-40F001DD3A6B}.Release|Any CPU.ActiveCfg = Release|Any CPU
		{2143CE08-D74F-4876-B382-40F001DD3A6B}.Release|Any CPU.Build.0 = Release|Any CPU
		{1D08C8A0-F303-4757-8744-4765DD863A5B}.Debug|Any CPU.ActiveCfg = Debug|Any CPU
		{1D08C8A0-F303-4757-8744-4765DD863A5B}.Debug|Any CPU.Build.0 = Debug|Any CPU
		{1D08C8A0-F303-4757-8744-4765DD863A5B}.Release|Any CPU.ActiveCfg = Release|Any CPU
		{1D08C8A0-F303-4757-8744-4765DD863A5B}.Release|Any CPU.Build.0 = Release|Any CPU
		{97E2434D-573A-4141-B08F-F816D1F1AF12}.Debug|Any CPU.ActiveCfg = Debug|Any CPU
		{97E2434D-573A-4141-B08F-F816D1F1AF12}.Debug|Any CPU.Build.0 = Debug|Any CPU
		{97E2434D-573A-4141-B08F-F816D1F1AF12}.Release|Any CPU.ActiveCfg = Release|Any CPU
		{97E2434D-573A-4141-B08F-F816D1F1AF12}.Release|Any CPU.Build.0 = Release|Any CPU
		{3B033A20-5E57-4F0B-835A-9C77F814896B}.Debug|Any CPU.ActiveCfg = Debug|Any CPU
		{3B033A20-5E57-4F0B-835A-9C77F814896B}.Debug|Any CPU.Build.0 = Debug|Any CPU
		{3B033A20-5E57-4F0B-835A-9C77F814896B}.Release|Any CPU.ActiveCfg = Release|Any CPU
		{3B033A20-5E57-4F0B-835A-9C77F814896B}.Release|Any CPU.Build.0 = Release|Any CPU
		{A2CA9710-3EF3-4A6C-B300-9A5574873D9C}.Debug|Any CPU.ActiveCfg = Debug|Any CPU
		{A2CA9710-3EF3-4A6C-B300-9A5574873D9C}.Debug|Any CPU.Build.0 = Debug|Any CPU
		{A2CA9710-3EF3-4A6C-B300-9A5574873D9C}.Release|Any CPU.ActiveCfg = Release|Any CPU
		{A2CA9710-3EF3-4A6C-B300-9A5574873D9C}.Release|Any CPU.Build.0 = Release|Any CPU
		{078356C0-B83F-4087-9A9C-184DF40078D0}.Debug|Any CPU.ActiveCfg = Debug|Any CPU
		{078356C0-B83F-4087-9A9C-184DF40078D0}.Debug|Any CPU.Build.0 = Debug|Any CPU
		{078356C0-B83F-4087-9A9C-184DF40078D0}.Release|Any CPU.ActiveCfg = Release|Any CPU
		{078356C0-B83F-4087-9A9C-184DF40078D0}.Release|Any CPU.Build.0 = Release|Any CPU
		{6D724C95-B075-40B3-A62D-00E902C10372}.Debug|Any CPU.ActiveCfg = Debug|Any CPU
		{6D724C95-B075-40B3-A62D-00E902C10372}.Debug|Any CPU.Build.0 = Debug|Any CPU
		{6D724C95-B075-40B3-A62D-00E902C10372}.Release|Any CPU.ActiveCfg = Release|Any CPU
		{6D724C95-B075-40B3-A62D-00E902C10372}.Release|Any CPU.Build.0 = Release|Any CPU
		{480E044A-B26C-480E-ACF2-326F33F08DE8}.Debug|Any CPU.ActiveCfg = Debug|Any CPU
		{480E044A-B26C-480E-ACF2-326F33F08DE8}.Debug|Any CPU.Build.0 = Debug|Any CPU
		{480E044A-B26C-480E-ACF2-326F33F08DE8}.Release|Any CPU.ActiveCfg = Release|Any CPU
		{480E044A-B26C-480E-ACF2-326F33F08DE8}.Release|Any CPU.Build.0 = Release|Any CPU
		{1A4C3DB0-5206-4935-AD7B-A734B0BFE876}.Debug|Any CPU.ActiveCfg = Debug|Any CPU
		{1A4C3DB0-5206-4935-AD7B-A734B0BFE876}.Debug|Any CPU.Build.0 = Debug|Any CPU
		{1A4C3DB0-5206-4935-AD7B-A734B0BFE876}.Release|Any CPU.ActiveCfg = Release|Any CPU
		{1A4C3DB0-5206-4935-AD7B-A734B0BFE876}.Release|Any CPU.Build.0 = Release|Any CPU
		{77852408-4698-4E77-8F0D-CF24C950FD99}.Debug|Any CPU.ActiveCfg = Debug|Any CPU
		{77852408-4698-4E77-8F0D-CF24C950FD99}.Debug|Any CPU.Build.0 = Debug|Any CPU
		{77852408-4698-4E77-8F0D-CF24C950FD99}.Release|Any CPU.ActiveCfg = Release|Any CPU
		{77852408-4698-4E77-8F0D-CF24C950FD99}.Release|Any CPU.Build.0 = Release|Any CPU
		{8A206E48-0BC3-4A1E-B8D9-7655469A6F5D}.Debug|Any CPU.ActiveCfg = Debug|Any CPU
		{8A206E48-0BC3-4A1E-B8D9-7655469A6F5D}.Debug|Any CPU.Build.0 = Debug|Any CPU
		{8A206E48-0BC3-4A1E-B8D9-7655469A6F5D}.Release|Any CPU.ActiveCfg = Release|Any CPU
		{8A206E48-0BC3-4A1E-B8D9-7655469A6F5D}.Release|Any CPU.Build.0 = Release|Any CPU
		{A50009F3-C11E-4029-BE93-DF4AC6F4B452}.Debug|Any CPU.ActiveCfg = Debug|Any CPU
		{A50009F3-C11E-4029-BE93-DF4AC6F4B452}.Debug|Any CPU.Build.0 = Debug|Any CPU
		{A50009F3-C11E-4029-BE93-DF4AC6F4B452}.Release|Any CPU.ActiveCfg = Release|Any CPU
		{A50009F3-C11E-4029-BE93-DF4AC6F4B452}.Release|Any CPU.Build.0 = Release|Any CPU
		{6644B371-99B9-4569-95FC-3D0CBC23AB7B}.Debug|Any CPU.ActiveCfg = Debug|Any CPU
		{6644B371-99B9-4569-95FC-3D0CBC23AB7B}.Debug|Any CPU.Build.0 = Debug|Any CPU
		{6644B371-99B9-4569-95FC-3D0CBC23AB7B}.Release|Any CPU.ActiveCfg = Release|Any CPU
		{6644B371-99B9-4569-95FC-3D0CBC23AB7B}.Release|Any CPU.Build.0 = Release|Any CPU
		{AF61C2E8-5C4E-4371-8D1A-73DF1FE1CA27}.Debug|Any CPU.ActiveCfg = Debug|Any CPU
		{AF61C2E8-5C4E-4371-8D1A-73DF1FE1CA27}.Debug|Any CPU.Build.0 = Debug|Any CPU
		{AF61C2E8-5C4E-4371-8D1A-73DF1FE1CA27}.Release|Any CPU.ActiveCfg = Release|Any CPU
		{AF61C2E8-5C4E-4371-8D1A-73DF1FE1CA27}.Release|Any CPU.Build.0 = Release|Any CPU
		{F1456FE5-658D-4860-BB5C-666513300D82}.Debug|Any CPU.ActiveCfg = Debug|Any CPU
		{F1456FE5-658D-4860-BB5C-666513300D82}.Debug|Any CPU.Build.0 = Debug|Any CPU
		{F1456FE5-658D-4860-BB5C-666513300D82}.Release|Any CPU.ActiveCfg = Release|Any CPU
		{F1456FE5-658D-4860-BB5C-666513300D82}.Release|Any CPU.Build.0 = Release|Any CPU
	EndGlobalSection
	GlobalSection(SolutionProperties) = preSolution
		HideSolutionNode = FALSE
	EndGlobalSection
	GlobalSection(NestedProjects) = preSolution
		{F78FAF25-841C-4BAA-8563-8AF4A4A96821} = {6E5C32B0-A8A4-455B-A1C2-39186321FC1E}
		{FBB4195D-0FEC-4B07-99A5-063EDEE3F4A4} = {6BB9BBF4-E436-4C11-9FC7-4E2AF4FD856B}
		{6BB9BBF4-E436-4C11-9FC7-4E2AF4FD856B} = {ABB1BC2F-C211-4C6B-9E44-65782B4370B4}
		{6E5C32B0-A8A4-455B-A1C2-39186321FC1E} = {ABB1BC2F-C211-4C6B-9E44-65782B4370B4}
		{41F7EF53-E809-424D-BF2F-228AEEA8482A} = {D24BD596-B34A-4D07-90E7-4C0F73069BCE}
		{3C157E23-6100-4DB7-915B-BA1D239B1540} = {6BB9BBF4-E436-4C11-9FC7-4E2AF4FD856B}
		{975CA9CD-1326-445B-A7F2-A6E1F8802B1F} = {6E5C32B0-A8A4-455B-A1C2-39186321FC1E}
		{F0B1A1DE-7C6A-4B94-AE89-E6CA6F3CA43C} = {6BB9BBF4-E436-4C11-9FC7-4E2AF4FD856B}
		{4756ED2A-2959-41F8-929E-70066948983A} = {6BB9BBF4-E436-4C11-9FC7-4E2AF4FD856B}
		{F69D6EEA-8688-4572-A4BD-57D52CAC4A75} = {6BB9BBF4-E436-4C11-9FC7-4E2AF4FD856B}
		{2300ABA3-A88C-4AE0-BFF1-CC61D1469738} = {6BB9BBF4-E436-4C11-9FC7-4E2AF4FD856B}
		{2143CE08-D74F-4876-B382-40F001DD3A6B} = {6BB9BBF4-E436-4C11-9FC7-4E2AF4FD856B}
		{1D08C8A0-F303-4757-8744-4765DD863A5B} = {6BB9BBF4-E436-4C11-9FC7-4E2AF4FD856B}
		{97E2434D-573A-4141-B08F-F816D1F1AF12} = {6BB9BBF4-E436-4C11-9FC7-4E2AF4FD856B}
		{3B033A20-5E57-4F0B-835A-9C77F814896B} = {93984DCB-F4BD-4ABC-B323-E3436AAFB8FD}
		{93984DCB-F4BD-4ABC-B323-E3436AAFB8FD} = {ABB1BC2F-C211-4C6B-9E44-65782B4370B4}
		{A2CA9710-3EF3-4A6C-B300-9A5574873D9C} = {93984DCB-F4BD-4ABC-B323-E3436AAFB8FD}
		{078356C0-B83F-4087-9A9C-184DF40078D0} = {6BB9BBF4-E436-4C11-9FC7-4E2AF4FD856B}
		{6D724C95-B075-40B3-A62D-00E902C10372} = {03A70CFE-6FBC-43EF-A18E-AF3F04416829}
		{03A70CFE-6FBC-43EF-A18E-AF3F04416829} = {93984DCB-F4BD-4ABC-B323-E3436AAFB8FD}
		{480E044A-B26C-480E-ACF2-326F33F08DE8} = {03A70CFE-6FBC-43EF-A18E-AF3F04416829}
		{8412877F-AD2A-4010-A6C2-72AAB3CBE190} = {93984DCB-F4BD-4ABC-B323-E3436AAFB8FD}
		{1A4C3DB0-5206-4935-AD7B-A734B0BFE876} = {8412877F-AD2A-4010-A6C2-72AAB3CBE190}
		{77852408-4698-4E77-8F0D-CF24C950FD99} = {8412877F-AD2A-4010-A6C2-72AAB3CBE190}
		{8A206E48-0BC3-4A1E-B8D9-7655469A6F5D} = {6E5C32B0-A8A4-455B-A1C2-39186321FC1E}
		{A50009F3-C11E-4029-BE93-DF4AC6F4B452} = {6BB9BBF4-E436-4C11-9FC7-4E2AF4FD856B}
		{6644B371-99B9-4569-95FC-3D0CBC23AB7B} = {93984DCB-F4BD-4ABC-B323-E3436AAFB8FD}
		{AF61C2E8-5C4E-4371-8D1A-73DF1FE1CA27} = {6BB9BBF4-E436-4C11-9FC7-4E2AF4FD856B}
		{F1456FE5-658D-4860-BB5C-666513300D82} = {6BB9BBF4-E436-4C11-9FC7-4E2AF4FD856B}
	EndGlobalSection
	GlobalSection(ExtensibilityGlobals) = postSolution
		SolutionGuid = {5A5D1502-888D-4928-9977-43AF0BBD18BB}
	EndGlobalSection
EndGlobal
